{
  "name": "visual",
  "requires": true,
  "lockfileVersion": 1,
  "dependencies": {
    "@types/powerbi-visuals-tools": {
      "version": "git+https://github.com/zBritva/-types-powerbi-visuals-tools.git#aa9fcdd1ab174b251836aa31935793ef16811048"
    },
    "powerbi-visuals-utils-dataviewutils": {
      "version": "github:Microsoft/powerbi-visuals-utils-dataviewutils#444301adcf605bc884469af678222b4056b1b563"
    }
  }
}
